
Microsoft Visual Studio Solution File, Format Version 12.00
# Visual Studio 14
VisualStudioVersion = 14.0.24720.0
MinimumVisualStudioVersion = 10.0.40219.1
Project("{FAE04EC0-301F-11D3-BF4B-00C04F79EFBC}") = "BDD_SpecFlow", "BDD_SpecFlow\BDD_SpecFlow.csproj", "{86433821-97D0-4BBF-B04C-953D50DF763D}"
EndProject
Project("{FAE04EC0-301F-11D3-BF4B-00C04F79EFBC}") = "RPNCalculator", "..\..\RPNCalc\RPNCalculator\RPNCalculator.csproj", "{62262058-D024-4B87-B938-0997D79F13EA}"
EndProject
Global
	GlobalSection(SolutionConfigurationPlatforms) = preSolution
		Debug|Any CPU = Debug|Any CPU
		Release|Any CPU = Release|Any CPU
	EndGlobalSection
	GlobalSection(ProjectConfigurationPlatforms) = postSolution
		{86433821-97D0-4BBF-B04C-953D50DF763D}.Debug|Any CPU.ActiveCfg = Debug|Any CPU
		{86433821-97D0-4BBF-B04C-953D50DF763D}.Debug|Any CPU.Build.0 = Debug|Any CPU
		{86433821-97D0-4BBF-B04C-953D50DF763D}.Release|Any CPU.ActiveCfg = Release|Any CPU
		{86433821-97D0-4BBF-B04C-953D50DF763D}.Release|Any CPU.Build.0 = Release|Any CPU
		{62262058-D024-4B87-B938-0997D79F13EA}.Debug|Any CPU.ActiveCfg = Debug|Any CPU
		{62262058-D024-4B87-B938-0997D79F13EA}.Debug|Any CPU.Build.0 = Debug|Any CPU
		{62262058-D024-4B87-B938-0997D79F13EA}.Release|Any CPU.ActiveCfg = Release|Any CPU
		{62262058-D024-4B87-B938-0997D79F13EA}.Release|Any CPU.Build.0 = Release|Any CPU
	EndGlobalSection
	GlobalSection(SolutionProperties) = preSolution
		HideSolutionNode = FALSE
	EndGlobalSection
EndGlobal
